
Microsoft Visual Studio Solution File, Format Version 12.00
# Visual Studio 15
VisualStudioVersion = 15.0.28307.106
MinimumVisualStudioVersion = 10.0.40219.1
Project("{FAE04EC0-301F-11D3-BF4B-00C04F79EFBC}") = "FileNamer", "FileNamer\FileNamer.csproj", "{33035417-37FA-480F-B277-363B928CAD8D}"
EndProject
Global
	GlobalSection(SolutionConfigurationPlatforms) = preSolution
		Debug|Any CPU = Debug|Any CPU
		Release|Any CPU = Release|Any CPU
	EndGlobalSection
	GlobalSection(ProjectConfigurationPlatforms) = postSolution
		{33035417-37FA-480F-B277-363B928CAD8D}.Debug|Any CPU.ActiveCfg = Debug|Any CPU
		{33035417-37FA-480F-B277-363B928CAD8D}.Debug|Any CPU.Build.0 = Debug|Any CPU
		{33035417-37FA-480F-B277-363B928CAD8D}.Release|Any CPU.ActiveCfg = Release|Any CPU
		{33035417-37FA-480F-B277-363B928CAD8D}.Release|Any CPU.Build.0 = Release|Any CPU
	EndGlobalSection
	GlobalSection(SolutionProperties) = preSolution
		HideSolutionNode = FALSE
	EndGlobalSection
	GlobalSection(ExtensibilityGlobals) = postSolution
		SolutionGuid = {CCC77B48-C231-4DD6-A8F0-BFFDDC47233C}
	EndGlobalSection
EndGlobal
